
Microsoft Visual Studio Solution File, Format Version 12.00
# Visual Studio Version 17
VisualStudioVersion = 17.11.35327.3
MinimumVisualStudioVersion = 10.0.40219.1
Project("{8BC9CEB8-8B4A-11D0-8D11-00A0C91BC942}") = "BakudanBito", "BakudanBito.vcxproj", "{0FF8B890-DA7F-42D0-BDA9-F2462B541292}"
EndProject
Global
	GlobalSection(SolutionConfigurationPlatforms) = preSolution
		Debug|x64 = Debug|x64
		Debug|x86 = Debug|x86
		Release|x64 = Release|x64
		Release|x86 = Release|x86
	EndGlobalSection
	GlobalSection(ProjectConfigurationPlatforms) = postSolution
		{0FF8B890-DA7F-42D0-BDA9-F2462B541292}.Debug|x64.ActiveCfg = Debug|x64
		{0FF8B890-DA7F-42D0-BDA9-F2462B541292}.Debug|x64.Build.0 = Debug|x64
		{0FF8B890-DA7F-42D0-BDA9-F2462B541292}.Debug|x86.ActiveCfg = Debug|Win32
		{0FF8B890-DA7F-42D0-BDA9-F2462B541292}.Debug|x86.Build.0 = Debug|Win32
		{0FF8B890-DA7F-42D0-BDA9-F2462B541292}.Release|x64.ActiveCfg = Release|x64
		{0FF8B890-DA7F-42D0-BDA9-F2462B541292}.Release|x64.Build.0 = Release|x64
		{0FF8B890-DA7F-42D0-BDA9-F2462B541292}.Release|x86.ActiveCfg = Release|Win32
		{0FF8B890-DA7F-42D0-BDA9-F2462B541292}.Release|x86.Build.0 = Release|Win32
	EndGlobalSection
	GlobalSection(SolutionProperties) = preSolution
		HideSolutionNode = FALSE
	EndGlobalSection
	GlobalSection(ExtensibilityGlobals) = postSolution
		SolutionGuid = {4B3580ED-2AE9-45CF-831B-70FC9BD9FE94}
	EndGlobalSection
EndGlobal
